PODS:
  - Alamofire (4.8.1)
  - PINCache (3.0.1-beta.6):
    - PINCache/Arc-exception-safe (= 3.0.1-beta.6)
    - PINCache/Core (= 3.0.1-beta.6)
  - PINCache/Arc-exception-safe (3.0.1-beta.6):
    - PINCache/Core
  - PINCache/Core (3.0.1-beta.6):
    - PINOperation (~> 1.1.0)
  - PINOperation (1.1.1)
  - PINRemoteImage/Core (3.0.0-beta.13):
    - PINOperation
  - PINRemoteImage/iOS (3.0.0-beta.13):
    - PINRemoteImage/Core
  - PINRemoteImage/PINCache (3.0.0-beta.13):
    - PINCache (= 3.0.1-beta.6)
    - PINRemoteImage/Core
  - PromiseKit (6.8.3):
    - PromiseKit/CorePromise (= 6.8.3)
    - PromiseKit/Foundation (= 6.8.3)
    - PromiseKit/UIKit (= 6.8.3)
  - PromiseKit/CorePromise (6.8.3)
  - PromiseKit/Foundation (6.8.3):
    - PromiseKit/CorePromise
  - PromiseKit/UIKit (6.8.3):
    - PromiseKit/CorePromise
  - RxAtomic (4.4.2)
  - RxCocoa (4.4.2):
    - RxSwift (>= 4.4.2, ~> 4.4)
  - RxSwift (4.4.2):
    - RxAtomic (>= 4.4.2, ~> 4.4)
  - Texture (2.8):
    - Texture/AssetsLibrary (= 2.8)
    - Texture/Core (= 2.8)
    - Texture/MapKit (= 2.8)
    - Texture/Photos (= 2.8)
    - Texture/PINRemoteImage (= 2.8)
    - Texture/Video (= 2.8)
  - Texture/AssetsLibrary (2.8):
    - Texture/Core
  - Texture/Core (2.8)
  - Texture/MapKit (2.8):
    - Texture/Core
  - Texture/Photos (2.8):
    - Texture/Core
  - Texture/PINRemoteImage (2.8):
    - PINRemoteImage/iOS (= 3.0.0-beta.13)
    - PINRemoteImage/PINCache
    - Texture/Core
  - Texture/Video (2.8):
    - Texture/Core

DEPENDENCIES:
  - Alamofire
  - PromiseKit
  - RxCocoa
  - RxSwift
  - Texture

SPEC REPOS:
  https://github.com/cocoapods/specs.git:
    - Alamofire
    - PINCache
    - PINOperation
    - PINRemoteImage
    - PromiseKit
    - RxAtomic
    - RxCocoa
    - RxSwift
    - Texture

SPEC CHECKSUMS:
  Alamofire: 16ce2c353fb72865124ddae8a57c5942388f4f11
  PINCache: d195fdba255283f7e9900a55e3cced377f431f9b
  PINOperation: a6219e6fc9db9c269eb7a7b871ac193bcf400aac
  PINRemoteImage: d6d51c5d2adda55f1ce30c96e850b6c4ebd2856a
  PromiseKit: 94c6e781838c5bf4717677d0d882b0e7250c80fc
  RxAtomic: d00e97c10db88c6f08540e0bf2752fc5a2404167
  RxCocoa: 477990dc3b4c3ff55fb0ac77e1cc06244e0aaec8
  RxSwift: 74c29b693c8e42b0f64400e8b06564575742d649
  Texture: fc6e0157201f3a6e503d364c147b1872e365cef4

PODFILE CHECKSUM: 1d548f763421e0df55a34f55166408776761e35f

COCOAPODS: 1.5.3
